// !$*UTF8*$!
{
	archiveVersion = 1;
	classes = {
	};
	objectVersion = 46;
	objects = {

/* Begin PBXBuildFile section */
		D8FFA3F61A9C02CD00A083B4 /* AppDelegate.swift in Sources */ = {isa = PBXBuildFile; fileRef = D8FFA3F51A9C02CD00A083B4 /* AppDelegate.swift */; };
		D8FFA3F81A9C02CD00A083B4 /* ViewController.swift in Sources */ = {isa = PBXBuildFile; fileRef = D8FFA3F71A9C02CD00A083B4 /* ViewController.swift */; };
		D8FFA3FB1A9C02CD00A083B4 /* Main.storyboard in Resources */ = {isa = PBXBuildFile; fileRef = D8FFA3F91A9C02CD00A083B4 /* Main.storyboard */; };
		D8FFA3FD1A9C02CD00A083B4 /* Images.xcassets in Resources */ = {isa = PBXBuildFile; fileRef = D8FFA3FC1A9C02CD00A083B4 /* Images.xcassets */; };
		D8FFA4001A9C02CD00A083B4 /* LaunchScreen.xib in Resources */ = {isa = PBXBuildFile; fileRef = D8FFA3FE1A9C02CD00A083B4 /* LaunchScreen.xib */; };
		D8FFA40C1A9C02CD00A083B4 /* Arm64NSDecimalNumberSwiftBugDemoTests.swift in Sources */ = {isa = PBXBuildFile; fileRef = D8FFA40B1A9C02CD00A083B4 /* Arm64NSDecimalNumberSwiftBugDemoTests.swift */; };
/* End PBXBuildFile section */

/* Begin PBXContainerItemProxy section */
		D8FFA4061A9C02CD00A083B4 /* PBXContainerItemProxy */ = {
			isa = PBXContainerItemProxy;
			containerPortal = D8FFA3E81A9C02CD00A083B4 /* Project object */;
			proxyType = 1;
			remoteGlobalIDString = D8FFA3EF1A9C02CD00A083B4;
			remoteInfo = Arm64NSDecimalNumberSwiftBugDemo;
		};
/* End PBXContainerItemProxy section */

/* Begin PBXFileReference section */
		D8FFA3F01A9C02CD00A083B4 /* Arm64NSDecimalNumberSwiftBugDemo.app */ = {isa = PBXFileReference; explicitFileType = wrapper.application; includeInIndex = 0; path = Arm64NSDecimalNumberSwiftBugDemo.app; sourceTree = BUILT_PRODUCTS_DIR; };
		D8FFA3F41A9C02CD00A083B4 /* Info.plist */ = {isa = PBXFileReference; lastKnownFileType = text.plist.xml; path = Info.plist; sourceTree = "<group>"; };
		D8FFA3F51A9C02CD00A083B4 /* AppDelegate.swift */ = {isa = PBXFileReference; lastKnownFileType = sourcecode.swift; path = AppDelegate.swift; sourceTree = "<group>"; };
		D8FFA3F71A9C02CD00A083B4 /* ViewController.swift */ = {isa = PBXFileReference; lastKnownFileType = sourcecode.swift; path = ViewController.swift; sourceTree = "<group>"; };
		D8FFA3FA1A9C02CD00A083B4 /* Base */ = {isa = PBXFileReference; lastKnownFileType = file.storyboard; name = Base; path = Base.lproj/Main.storyboard; sourceTree = "<group>"; };
		D8FFA3FC1A9C02CD00A083B4 /* Images.xcassets */ = {isa = PBXFileReference; lastKnownFileType = folder.assetcatalog; path = Images.xcassets; sourceTree = "<group>"; };
		D8FFA3FF1A9C02CD00A083B4 /* Base */ = {isa = PBXFileReference; lastKnownFileType = file.xib; name = Base; path = Base.lproj/LaunchScreen.xib; sourceTree = "<group>"; };
		D8FFA4051A9C02CD00A083B4 /* Arm64NSDecimalNumberSwiftBugDemoTests.xctest */ = {isa = PBXFileReference; explicitFileType = wrapper.cfbundle; includeInIndex = 0; path = Arm64NSDecimalNumberSwiftBugDemoTests.xctest; sourceTree = BUILT_PRODUCTS_DIR; };
		D8FFA40A1A9C02CD00A083B4 /* Info.plist */ = {isa = PBXFileReference; lastKnownFileType = text.plist.xml; path = Info.plist; sourceTree = "<group>"; };
		D8FFA40B1A9C02CD00A083B4 /* Arm64NSDecimalNumberSwiftBugDemoTests.swift */ = {isa = PBXFileReference; lastKnownFileType = sourcecode.swift; path = Arm64NSDecimalNumberSwiftBugDemoTests.swift; sourceTree = "<group>"; };
/* End PBXFileReference section */

/* Begin PBXFrameworksBuildPhase section */
		D8FFA3ED1A9C02CD00A083B4 /* Frameworks */ = {
			isa = PBXFrameworksBuildPhase;
			buildActionMask = 2147483647;
			files = (
			);
			runOnlyForDeploymentPostprocessing = 0;
		};
		D8FFA4021A9C02CD00A083B4 /* Frameworks */ = {
			isa = PBXFrameworksBuildPhase;
			buildActionMask = 2147483647;
			files = (
			);
			runOnlyForDeploymentPostprocessing = 0;
		};
/* End PBXFrameworksBuildPhase section */

/* Begin PBXGroup section */
		D8FFA3E71A9C02CD00A083B4 = {
			isa = PBXGroup;
			children = (
				D8FFA3F21A9C02CD00A083B4 /* Arm64NSDecimalNumberSwiftBugDemo */,
				D8FFA4081A9C02CD00A083B4 /* Arm64NSDecimalNumberSwiftBugDemoTests */,
				D8FFA3F11A9C02CD00A083B4 /* Products */,
			);
			sourceTree = "<group>";
		};
		D8FFA3F11A9C02CD00A083B4 /* Products */ = {
			isa = PBXGroup;
			children = (
				D8FFA3F01A9C02CD00A083B4 /* Arm64NSDecimalNumberSwiftBugDemo.app */,
				D8FFA4051A9C02CD00A083B4 /* Arm64NSDecimalNumberSwiftBugDemoTests.xctest */,
			);
			name = Products;
			sourceTree = "<group>";
		};
		D8FFA3F21A9C02CD00A083B4 /* Arm64NSDecimalNumberSwiftBugDemo */ = {
			isa = PBXGroup;
			children = (
				D8FFA3F51A9C02CD00A083B4 /* AppDelegate.swift */,
				D8FFA3F71A9C02CD00A083B4 /* ViewController.swift */,
				D8FFA3F91A9C02CD00A083B4 /* Main.storyboard */,
				D8FFA3FC1A9C02CD00A083B4 /* Images.xcassets */,
				D8FFA3FE1A9C02CD00A083B4 /* LaunchScreen.xib */,
				D8FFA3F31A9C02CD00A083B4 /* Supporting Files */,
			);
			path = Arm64NSDecimalNumberSwiftBugDemo;
			sourceTree = "<group>";
		};
		D8FFA3F31A9C02CD00A083B4 /* Supporting Files */ = {
			isa = PBXGroup;
			children = (
				D8FFA3F41A9C02CD00A083B4 /* Info.plist */,
			);
			name = "Supporting Files";
			sourceTree = "<group>";
		};
		D8FFA4081A9C02CD00A083B4 /* Arm64NSDecimalNumberSwiftBugDemoTests */ = {
			isa = PBXGroup;
			children = (
				D8FFA40B1A9C02CD00A083B4 /* Arm64NSDecimalNumberSwiftBugDemoTests.swift */,
				D8FFA4091A9C02CD00A083B4 /* Supporting Files */,
			);
			path = Arm64NSDecimalNumberSwiftBugDemoTests;
			sourceTree = "<group>";
		};
		D8FFA4091A9C02CD00A083B4 /* Supporting Files */ = {
			isa = PBXGroup;
			children = (
				D8FFA40A1A9C02CD00A083B4 /* Info.plist */,
			);
			name = "Supporting Files";
			sourceTree = "<group>";
		};
/* End PBXGroup section */

/* Begin PBXNativeTarget section */
		D8FFA3EF1A9C02CD00A083B4 /* Arm64NSDecimalNumberSwiftBugDemo */ = {
			isa = PBXNativeTarget;
			buildConfigurationList = D8FFA40F1A9C02CD00A083B4 /* Build configuration list for PBXNativeTarget "Arm64NSDecimalNumberSwiftBugDemo" */;
			buildPhases = (
				D8FFA3EC1A9C02CD00A083B4 /* Sources */,
				D8FFA3ED1A9C02CD00A083B4 /* Frameworks */,
				D8FFA3EE1A9C02CD00A083B4 /* Resources */,
			);
			buildRules = (
			);
			dependencies = (
			);
			name = Arm64NSDecimalNumberSwiftBugDemo;
			productName = Arm64NSDecimalNumberSwiftBugDemo;
			productReference = D8FFA3F01A9C02CD00A083B4 /* Arm64NSDecimalNumberSwiftBugDemo.app */;
			productType = "com.apple.product-type.application";
		};
		D8FFA4041A9C02CD00A083B4 /* Arm64NSDecimalNumberSwiftBugDemoTests */ = {
			isa = PBXNativeTarget;
			buildConfigurationList = D8FFA4121A9C02CD00A083B4 /* Build configuration list for PBXNativeTarget "Arm64NSDecimalNumberSwiftBugDemoTests" */;
			buildPhases = (
				D8FFA4011A9C02CD00A083B4 /* Sources */,
				D8FFA4021A9C02CD00A083B4 /* Frameworks */,
				D8FFA4031A9C02CD00A083B4 /* Resources */,
			);
			buildRules = (
			);
			dependencies = (
				D8FFA4071A9C02CD00A083B4 /* PBXTargetDependency */,
			);
			name = Arm64NSDecimalNumberSwiftBugDemoTests;
			productName = Arm64NSDecimalNumberSwiftBugDemoTests;
			productReference = D8FFA4051A9C02CD00A083B4 /* Arm64NSDecimalNumberSwiftBugDemoTests.xctest */;
			productType = "com.apple.product-type.bundle.unit-test";
		};
/* End PBXNativeTarget section */

/* Begin PBXProject section */
		D8FFA3E81A9C02CD00A083B4 /* Project object */ = {
			isa = PBXProject;
			attributes = {
				LastUpgradeCheck = 0610;
				ORGANIZATIONNAME = "PH Systems";
				TargetAttributes = {
					D8FFA3EF1A9C02CD00A083B4 = {
						CreatedOnToolsVersion = 6.1.1;
					};
					D8FFA4041A9C02CD00A083B4 = {
						CreatedOnToolsVersion = 6.1.1;
						TestTargetID = D8FFA3EF1A9C02CD00A083B4;
					};
				};
			};
			buildConfigurationList = D8FFA3EB1A9C02CD00A083B4 /* Build configuration list for PBXProject "Arm64NSDecimalNumberSwiftBugDemo" */;
			compatibilityVersion = "Xcode 3.2";
			developmentRegion = English;
			hasScannedForEncodings = 0;
			knownRegions = (
				en,
				Base,
			);
			mainGroup = D8FFA3E71A9C02CD00A083B4;
			productRefGroup = D8FFA3F11A9C02CD00A083B4 /* Products */;
			projectDirPath = "";
			projectRoot = "";
			targets = (
				D8FFA3EF1A9C02CD00A083B4 /* Arm64NSDecimalNumberSwiftBugDemo */,
				D8FFA4041A9C02CD00A083B4 /* Arm64NSDecimalNumberSwiftBugDemoTests */,
			);
		};
/* End PBXProject section */

/* Begin PBXResourcesBuildPhase section */
		D8FFA3EE1A9C02CD00A083B4 /* Resources */ = {
			isa = PBXResourcesBuildPhase;
			buildActionMask = 2147483647;
			files = (
				D8FFA3FB1A9C02CD00A083B4 /* Main.storyboard in Resources */,
				D8FFA4001A9C02CD00A083B4 /* LaunchScreen.xib in Resources */,
				D8FFA3FD1A9C02CD00A083B4 /* Images.xcassets in Resources */,
			);
			runOnlyForDeploymentPostprocessing = 0;
		};
		D8FFA4031A9C02CD00A083B4 /* Resources */ = {
			isa = PBXResourcesBuildPhase;
			buildActionMask = 2147483647;
			files = (
			);
			runOnlyForDeploymentPostprocessing = 0;
		};
/* End PBXResourcesBuildPhase section */

/* Begin PBXSourcesBuildPhase section */
		D8FFA3EC1A9C02CD00A083B4 /* Sources */ = {
			isa = PBXSourcesBuildPhase;
			buildActionMask = 2147483647;
			files = (
				D8FFA3F81A9C02CD00A083B4 /* ViewController.swift in Sources */,
				D8FFA3F61A9C02CD00A083B4 /* AppDelegate.swift in Sources */,
			);
			runOnlyForDeploymentPostprocessing = 0;
		};
		D8FFA4011A9C02CD00A083B4 /* Sources */ = {
			isa = PBXSourcesBuildPhase;
			buildActionMask = 2147483647;
			files = (
				D8FFA40C1A9C02CD00A083B4 /* Arm64NSDecimalNumberSwiftBugDemoTests.swift in Sources */,
			);
			runOnlyForDeploymentPostprocessing = 0;
		};
/* End PBXSourcesBuildPhase section */

/* Begin PBXTargetDependency section */
		D8FFA4071A9C02CD00A083B4 /* PBXTargetDependency */ = {
			isa = PBXTargetDependency;
			target = D8FFA3EF1A9C02CD00A083B4 /* Arm64NSDecimalNumberSwiftBugDemo */;
			targetProxy = D8FFA4061A9C02CD00A083B4 /* PBXContainerItemProxy */;
		};
/* End PBXTargetDependency section */

/* Begin PBXVariantGroup section */
		D8FFA3F91A9C02CD00A083B4 /* Main.storyboard */ = {
			isa = PBXVariantGroup;
			children = (
				D8FFA3FA1A9C02CD00A083B4 /* Base */,
			);
			name = Main.storyboard;
			sourceTree = "<group>";
		};
		D8FFA3FE1A9C02CD00A083B4 /* LaunchScreen.xib */ = {
			isa = PBXVariantGroup;
			children = (
				D8FFA3FF1A9C02CD00A083B4 /* Base */,
			);
			name = LaunchScreen.xib;
			sourceTree = "<group>";
		};
/* End PBXVariantGroup section */

/* Begin XCBuildConfiguration section */
		D8FFA40D1A9C02CD00A083B4 /* Debug */ = {
			isa = XCBuildConfiguration;
			buildSettings = {
				ALWAYS_SEARCH_USER_PATHS = NO;
				CLANG_CXX_LANGUAGE_STANDARD = "gnu++0x";
				CLANG_CXX_LIBRARY = "libc++";
				CLANG_ENABLE_MODULES = YES;
				CLANG_ENABLE_OBJC_ARC = YES;
				CLANG_WARN_BOOL_CONVERSION = YES;
				CLANG_WARN_CONSTANT_CONVERSION = YES;
				CLANG_WARN_DIRECT_OBJC_ISA_USAGE = YES_ERROR;
				CLANG_WARN_EMPTY_BODY = YES;
				CLANG_WARN_ENUM_CONVERSION = YES;
				CLANG_WARN_INT_CONVERSION = YES;
				CLANG_WARN_OBJC_ROOT_CLASS = YES_ERROR;
				CLANG_WARN_UNREACHABLE_CODE = YES;
				CLANG_WARN__DUPLICATE_METHOD_MATCH = YES;
				"CODE_SIGN_IDENTITY[sdk=iphoneos*]" = "iPhone Developer";
				COPY_PHASE_STRIP = NO;
				ENABLE_STRICT_OBJC_MSGSEND = YES;
				GCC_C_LANGUAGE_STANDARD = gnu99;
				GCC_DYNAMIC_NO_PIC = NO;
				GCC_OPTIMIZATION_LEVEL = 0;
				GCC_PREPROCESSOR_DEFINITIONS = (
					"DEBUG=1",
					"$(inherited)",
				);
				GCC_SYMBOLS_PRIVATE_EXTERN = NO;
				GCC_WARN_64_TO_32_BIT_CONVERSION = YES;
				GCC_WARN_ABOUT_RETURN_TYPE = YES_ERROR;
				GCC_WARN_UNDECLARED_SELECTOR = YES;
				GCC_WARN_UNINITIALIZED_AUTOS = YES_AGGRESSIVE;
				GCC_WARN_UNUSED_FUNCTION = YES;
				GCC_WARN_UNUSED_VARIABLE = YES;
				IPHONEOS_DEPLOYMENT_TARGET = 8.1;
				MTL_ENABLE_DEBUG_INFO = YES;
				ONLY_ACTIVE_ARCH = YES;
				SDKROOT = iphoneos;
				SWIFT_OPTIMIZATION_LEVEL = "-Onone";
				TARGETED_DEVICE_FAMILY = "1,2";
			};
			name = Debug;
		};
		D8FFA40E1A9C02CD00A083B4 /* Release */ = {
			isa = XCBuildConfiguration;
			buildSettings = {
				ALWAYS_SEARCH_USER_PATHS = NO;
				CLANG_CXX_LANGUAGE_STANDARD = "gnu++0x";
				CLANG_CXX_LIBRARY = "libc++";
				CLANG_ENABLE_MODULES = YES;
				CLANG_ENABLE_OBJC_ARC = YES;
				CLANG_WARN_BOOL_CONVERSION = YES;
				CLANG_WARN_CONSTANT_CONVERSION = YES;
				CLANG_WARN_DIRECT_OBJC_ISA_USAGE = YES_ERROR;
				CLANG_WARN_EMPTY_BODY = YES;
				CLANG_WARN_ENUM_CONVERSION = YES;
				CLANG_WARN_INT_CONVERSION = YES;
				CLANG_WARN_OBJC_ROOT_CLASS = YES_ERROR;
				CLANG_WARN_UNREACHABLE_CODE = YES;
				CLANG_WARN__DUPLICATE_METHOD_MATCH = YES;
				"CODE_SIGN_IDENTITY[sdk=iphoneos*]" = "iPhone Developer";
				COPY_PHASE_STRIP = YES;
				ENABLE_NS_ASSERTIONS = NO;
				ENABLE_STRICT_OBJC_MSGSEND = YES;
				GCC_C_LANGUAGE_STANDARD = gnu99;
				GCC_WARN_64_TO_32_BIT_CONVERSION = YES;
				GCC_WARN_ABOUT_RETURN_TYPE = YES_ERROR;
				GCC_WARN_UNDECLARED_SELECTOR = YES;
				GCC_WARN_UNINITIALIZED_AUTOS = YES_AGGRESSIVE;
				GCC_WARN_UNUSED_FUNCTION = YES;
				GCC_WARN_UNUSED_VARIABLE = YES;
				IPHONEOS_DEPLOYMENT_TARGET = 8.1;
				MTL_ENABLE_DEBUG_INFO = NO;
				SDKROOT = iphoneos;
				TARGETED_DEVICE_FAMILY = "1,2";
				VALIDATE_PRODUCT = YES;
			};
			name = Release;
		};
		D8FFA4101A9C02CD00A083B4 /* Debug */ = {
			isa = XCBuildConfiguration;
			buildSettings = {
				ASSETCATALOG_COMPILER_APPICON_NAME = AppIcon;
				INFOPLIST_FILE = Arm64NSDecimalNumberSwiftBugDemo/Info.plist;
				LD_RUNPATH_SEARCH_PATHS = "$(inherited) @executable_path/Frameworks";
				PRODUCT_NAME = "$(TARGET_NAME)";
			};
			name = Debug;
		};
		D8FFA4111A9C02CD00A083B4 /* Release */ = {
			isa = XCBuildConfiguration;
			buildSettings = {
				ASSETCATALOG_COMPILER_APPICON_NAME = AppIcon;
				INFOPLIST_FILE = Arm64NSDecimalNumberSwiftBugDemo/Info.plist;
				LD_RUNPATH_SEARCH_PATHS = "$(inherited) @executable_path/Frameworks";
				PRODUCT_NAME = "$(TARGET_NAME)";
			};
			name = Release;
		};
		D8FFA4131A9C02CD00A083B4 /* Debug */ = {
			isa = XCBuildConfiguration;
			buildSettings = {
				BUNDLE_LOADER = "$(TEST_HOST)";
				FRAMEWORK_SEARCH_PATHS = (
					"$(SDKROOT)/Developer/Library/Frameworks",
					"$(inherited)",
				);
				GCC_PREPROCESSOR_DEFINITIONS = (
					"DEBUG=1",
					"$(inherited)",
				);
				INFOPLIST_FILE = Arm64NSDecimalNumberSwiftBugDemoTests/Info.plist;
				LD_RUNPATH_SEARCH_PATHS = "$(inherited) @executable_path/Frameworks @loader_path/Frameworks";
				PRODUCT_NAME = "$(TARGET_NAME)";
				TEST_HOST = "$(BUILT_PRODUCTS_DIR)/Arm64NSDecimalNumberSwiftBugDemo.app/Arm64NSDecimalNumberSwiftBugDemo";
			};
			name = Debug;
		};
		D8FFA4141A9C02CD00A083B4 /* Release */ = {
			isa = XCBuildConfiguration;
			buildSettings = {
				BUNDLE_LOADER = "$(TEST_HOST)";
				FRAMEWORK_SEARCH_PATHS = (
					"$(SDKROOT)/Developer/Library/Frameworks",
					"$(inherited)",
				);
				INFOPLIST_FILE = Arm64NSDecimalNumberSwiftBugDemoTests/Info.plist;
				LD_RUNPATH_SEARCH_PATHS = "$(inherited) @executable_path/Frameworks @loader_path/Frameworks";
				PRODUCT_NAME = "$(TARGET_NAME)";
				TEST_HOST = "$(BUILT_PRODUCTS_DIR)/Arm64NSDecimalNumberSwiftBugDemo.app/Arm64NSDecimalNumberSwiftBugDemo";
			};
			name = Release;
		};
/* End XCBuildConfiguration section */

/* Begin XCConfigurationList section */
		D8FFA3EB1A9C02CD00A083B4 /* Build configuration list for PBXProject "Arm64NSDecimalNumberSwiftBugDemo" */ = {
			isa = XCConfigurationList;
			buildConfigurations = (
				D8FFA40D1A9C02CD00A083B4 /* Debug */,
				D8FFA40E1A9C02CD00A083B4 /* Release */,
			);
			defaultConfigurationIsVisible = 0;
			defaultConfigurationName = Release;
		};
		D8FFA40F1A9C02CD00A083B4 /* Build configuration list for PBXNativeTarget "Arm64NSDecimalNumberSwiftBugDemo" */ = {
			isa = XCConfigurationList;
			buildConfigurations = (
				D8FFA4101A9C02CD00A083B4 /* Debug */,
				D8FFA4111A9C02CD00A083B4 /* Release */,
			);
			defaultConfigurationIsVisible = 0;
		};
		D8FFA4121A9C02CD00A083B4 /* Build configuration list for PBXNativeTarget "Arm64NSDecimalNumberSwiftBugDemoTests" */ = {
			isa = XCConfigurationList;
			buildConfigurations = (
				D8FFA4131A9C02CD00A083B4 /* Debug */,
				D8FFA4141A9C02CD00A083B4 /* Release */,
			);
			defaultConfigurationIsVisible = 0;
		};
/* End XCConfigurationList section */
	};
	rootObject = D8FFA3E81A9C02CD00A083B4 /* Project object */;
}
